
Microsoft Visual Studio Solution File, Format Version 12.00
# Visual Studio Version 16
VisualStudioVersion = 16.0.35130.168
MinimumVisualStudioVersion = 10.0.40219.1
Project("{FAE04EC0-301F-11D3-BF4B-00C04F79EFBC}") = "GraduactionProject", "GraduactionProject\GraduactionProject.csproj", "{5FA40E35-2BB5-4CCB-BEE8-B9A6885ECBB8}"
EndProject
Global
	GlobalSection(SolutionConfigurationPlatforms) = preSolution
		Debug|Any CPU = Debug|Any CPU
		Release|Any CPU = Release|Any CPU
	EndGlobalSection
	GlobalSection(ProjectConfigurationPlatforms) = postSolution
		{5FA40E35-2BB5-4CCB-BEE8-B9A6885ECBB8}.Debug|Any CPU.ActiveCfg = Debug|Any CPU
		{5FA40E35-2BB5-4CCB-BEE8-B9A6885ECBB8}.Debug|Any CPU.Build.0 = Debug|Any CPU
		{5FA40E35-2BB5-4CCB-BEE8-B9A6885ECBB8}.Release|Any CPU.ActiveCfg = Release|Any CPU
		{5FA40E35-2BB5-4CCB-BEE8-B9A6885ECBB8}.Release|Any CPU.Build.0 = Release|Any CPU
	EndGlobalSection
	GlobalSection(SolutionProperties) = preSolution
		HideSolutionNode = FALSE
	EndGlobalSection
	GlobalSection(ExtensibilityGlobals) = postSolution
		SolutionGuid = {1B050A8F-0BA9-45C6-A752-E855F905F5ED}
	EndGlobalSection
EndGlobal
